<?xml version="1.0" encoding="utf-8"?>
<Project ToolsVersion="4.0" xmlns="http://schemas.microsoft.com/developer/msbuild/2003">
  <ItemGroup>
    <Filter Include="Actors">
      <UniqueIdentifier>{6ab48a1d-74d6-4e41-88bb-16f02dabc751}</UniqueIdentifier>
    </Filter>
    <Filter Include="World">
      <UniqueIdentifier>{f5df2b73-99b8-44de-a26e-47efec3f70df}</UniqueIdentifier>
    </Filter>
    <Filter Include="Simulation">
      <UniqueIdentifier>{0c34eb1a-5cc6-4c82-aa13-a5ee0f6d0a8e}</UniqueIdentifier>
    </Filter>
    <Filter Include="Simulation\Mediator">
      <UniqueIdentifier>{0d75cd39-0e04-420d-98ee-89dfa7e5605e}</UniqueIdentifier>
    </Filter>
    <Filter Include="Simulation\Repository">
      <UniqueIdentifier>{f30ae93f-f82f-4a31-89ad-f87e8f126f4a}</UniqueIdentifier>
    </Filter>
    <Filter Include="Simulation\SpatialQuery">
      <UniqueIdentifier>{a4e9a3ec-3805-4692-bfe5-6776e89e0fce}</UniqueIdentifier>
    </Filter>
    <Filter Include="Simulation\Types">
      <UniqueIdentifier>{03b9f12d-ccf8-41e2-8268-6fa17a8bb8d0}</UniqueIdentifier>
    </Filter>
    <Filter Include="Container">
      <UniqueIdentifier>{e16fe532-c803-4864-9afd-fa9ef7ca465b}</UniqueIdentifier>
    </Filter>
  </ItemGroup>
  <ItemGroup>
    <ClCompile Include="Actors\PhysicsActor.cpp">
      <Filter>Actors</Filter>
    </ClCompile>
    <ClCompile Include="Actors\PhysicsDynamicActor.cpp">
      <Filter>Actors</Filter>
    </ClCompile>
    <ClCompile Include="Actors\PhysicsKinematicActor.cpp">
      <Filter>Actors</Filter>
    </ClCompile>
    <ClCompile Include="Actors\PhysicsStaticActor.cpp">
      <Filter>Actors</Filter>
    </ClCompile>
    <ClCompile Include="Actors\PhysicsTerrainActor.cpp">
      <Filter>Actors</Filter>
    </ClCompile>
    <ClCompile Include="Simulation\Mediator\IPhysicsWorldMediator.cpp">
      <Filter>Simulation\Mediator</Filter>
    </ClCompile>
    <ClCompile Include="Simulation\Repository\IPhysicsActorRepository.cpp">
      <Filter>Simulation\Repository</Filter>
    </ClCompile>
    <ClCompile Include="Simulation\Repository\PhysicsActorRepository.cpp">
      <Filter>Simulation\Repository</Filter>
    </ClCompile>
    <ClCompile Include="Simulation\SpatialQuery\BruteForcePhysicsSpatialQuery.cpp">
      <Filter>Simulation\SpatialQuery</Filter>
    </ClCompile>
    <ClCompile Include="Simulation\SpatialQuery\IPhysicsSpatialQuery.cpp">
      <Filter>Simulation\SpatialQuery</Filter>
    </ClCompile>
    <ClCompile Include="World\PhysicsWorld.cpp">
      <Filter>World</Filter>
    </ClCompile>
  </ItemGroup>
  <ItemGroup>
    <ClInclude Include="Actors\PhysicsActor.h">
      <Filter>Actors</Filter>
    </ClInclude>
    <ClInclude Include="Actors\PhysicsDynamicActor.h">
      <Filter>Actors</Filter>
    </ClInclude>
    <ClInclude Include="Actors\PhysicsKinematicActor.h">
      <Filter>Actors</Filter>
    </ClInclude>
    <ClInclude Include="Actors\PhysicsStaticActor.h">
      <Filter>Actors</Filter>
    </ClInclude>
    <ClInclude Include="Actors\PhysicsTerrainActor.h">
      <Filter>Actors</Filter>
    </ClInclude>
    <ClInclude Include="Container\SpscRingQueue.h">
      <Filter>Container</Filter>
    </ClInclude>
    <ClInclude Include="Simulation\Mediator\IPhysicsWorldMediator.h">
      <Filter>Simulation\Mediator</Filter>
    </ClInclude>
    <ClInclude Include="Simulation\Repository\IPhysicsActorRepository.h">
      <Filter>Simulation\Repository</Filter>
    </ClInclude>
    <ClInclude Include="Simulation\Repository\PhysicsActorRepository.h">
      <Filter>Simulation\Repository</Filter>
    </ClInclude>
    <ClInclude Include="Simulation\SpatialQuery\BruteForcePhysicsSpatialQuery.h">
      <Filter>Simulation\SpatialQuery</Filter>
    </ClInclude>
    <ClInclude Include="Simulation\SpatialQuery\IPhysicsSpatialQuery.h">
      <Filter>Simulation\SpatialQuery</Filter>
    </ClInclude>
    <ClInclude Include="Simulation\Types\PhysicsSimulationTypes.h">
      <Filter>Simulation\Types</Filter>
    </ClInclude>
    <ClInclude Include="World\PhysicsWorld.h">
      <Filter>World</Filter>
    </ClInclude>
  </ItemGroup>
</Project>
